
Microsoft Visual Studio Solution File, Format Version 12.00
# Visual Studio Version 17
VisualStudioVersion = 17.0.32014.148
MinimumVisualStudioVersion = 10.0.40219.1
Project("{FAE04EC0-301F-11D3-BF4B-00C04F79EFBC}") = "pallindrome", "pallindrome\pallindrome.csproj", "{DACE8D88-33FC-418C-AA70-160EDEB88544}"
EndProject
Global
	GlobalSection(SolutionConfigurationPlatforms) = preSolution
		Debug|Any CPU = Debug|Any CPU
		Release|Any CPU = Release|Any CPU
	EndGlobalSection
	GlobalSection(ProjectConfigurationPlatforms) = postSolution
		{DACE8D88-33FC-418C-AA70-160EDEB88544}.Debug|Any CPU.ActiveCfg = Debug|Any CPU
		{DACE8D88-33FC-418C-AA70-160EDEB88544}.Debug|Any CPU.Build.0 = Debug|Any CPU
		{DACE8D88-33FC-418C-AA70-160EDEB88544}.Release|Any CPU.ActiveCfg = Release|Any CPU
		{DACE8D88-33FC-418C-AA70-160EDEB88544}.Release|Any CPU.Build.0 = Release|Any CPU
	EndGlobalSection
	GlobalSection(SolutionProperties) = preSolution
		HideSolutionNode = FALSE
	EndGlobalSection
	GlobalSection(ExtensibilityGlobals) = postSolution
		SolutionGuid = {EF57C4ED-F08D-43AA-A084-17A206859BD3}
	EndGlobalSection
EndGlobal
